
Microsoft Visual Studio Solution File, Format Version 12.00
# Visual Studio Version 17
VisualStudioVersion = 17.8.34309.116
MinimumVisualStudioVersion = 10.0.40219.1
Project("{8BC9CEB8-8B4A-11D0-8D11-00A0C91BC942}") = "26.12.2023", "26.12.2023\26.12.2023.vcxproj", "{6F69B867-F218-47D8-8F04-F22C812FD277}"
EndProject
Global
	GlobalSection(SolutionConfigurationPlatforms) = preSolution
		Debug|x64 = Debug|x64
		Debug|x86 = Debug|x86
		Release|x64 = Release|x64
		Release|x86 = Release|x86
	EndGlobalSection
	GlobalSection(ProjectConfigurationPlatforms) = postSolution
		{6F69B867-F218-47D8-8F04-F22C812FD277}.Debug|x64.ActiveCfg = Debug|x64
		{6F69B867-F218-47D8-8F04-F22C812FD277}.Debug|x64.Build.0 = Debug|x64
		{6F69B867-F218-47D8-8F04-F22C812FD277}.Debug|x86.ActiveCfg = Debug|Win32
		{6F69B867-F218-47D8-8F04-F22C812FD277}.Debug|x86.Build.0 = Debug|Win32
		{6F69B867-F218-47D8-8F04-F22C812FD277}.Release|x64.ActiveCfg = Release|x64
		{6F69B867-F218-47D8-8F04-F22C812FD277}.Release|x64.Build.0 = Release|x64
		{6F69B867-F218-47D8-8F04-F22C812FD277}.Release|x86.ActiveCfg = Release|Win32
		{6F69B867-F218-47D8-8F04-F22C812FD277}.Release|x86.Build.0 = Release|Win32
	EndGlobalSection
	GlobalSection(SolutionProperties) = preSolution
		HideSolutionNode = FALSE
	EndGlobalSection
	GlobalSection(ExtensibilityGlobals) = postSolution
		SolutionGuid = {EF7767B6-B7DD-4C46-B2A2-1F2A51C712DB}
	EndGlobalSection
EndGlobal
